schema: '2.0'
stages:
  data_preparation_cd_demo:
    cmd: python ../stages/data_preparation_cd_demo.py --config=params.yaml
    deps:
    - path: ../stages/data_preparation_cd_demo.py
      md5: 0f94482b7b00ce03e084b305f91f3f20
      size: 1886
    params:
      params.yaml:
        base:
          data_dir: ../data/bike-sharing
          data_dir_demo: data
          data_fname: hour.csv
    outs:
    - path: data/y_corrupted_demo.pkl
      md5: c2c0ceec21abec7a74fc6733d3f7c440
      size: 1218
  evaluation:
    cmd: python ../stages/evaluation_cd_demo.py --config=params.yaml
    deps:
    - path: ../data/bike-sharing/y_corrupted_demo.pkl
      md5: c2c0ceec21abec7a74fc6733d3f7c440
      size: 1218
    - path: ../models/cd_detector_nowrk.joblib
      md5: 2358f5808a6c8b6f8469d276702a30fe.dir
      size: 64095
      nfiles: 6
    - path: ../stages/evaluation_cd_demo.py
      md5: 7cf836933ad3661a486c712a3244e045
      size: 5449
    params:
      params.yaml:
        base:
          data_dir: ../data/bike-sharing
          data_dir_demo: data
          data_fname: hour.csv
        detector:
          dir: models
          concept_drift:
            fname_noworking: cd_detector_nowrk.joblib
        evaluation:
          plots_dir: plots
    outs:
    - path: plots/corrupted_demo.png
      md5: f20587c17ac3d8ab34a4ed6839e755b8
      size: 55496
    - path: plots/demo_feature_score.png
      md5: 061118bb8ea4595582238fb3054e3603
      size: 36361
  evaluation_cd_demo:
    cmd: python ../stages/evaluation_cd_demo.py --config=params.yaml
    deps:
    - path: ../data/bike-sharing/y_corrupted_demo.pkl
      md5: c2c0ceec21abec7a74fc6733d3f7c440
      size: 1218
    - path: ../models/cd_detector_nowrk.joblib
      md5: 846fe202ae2c7a045f1b6dec52b6f12a.dir
      size: 64095
      nfiles: 6
    - path: ../stages/evaluation_cd_demo.py
      md5: 3d1d41cd7f6312eda79ff26433e7aff9
      size: 5610
    params:
      params.yaml:
        base:
          data_dir: ../data/bike-sharing
          data_dir_demo: data
          data_fname: hour.csv
        detector:
          dir: models
          concept_drift:
            fname_noworking: cd_detector_nowrk.joblib
        evaluation:
          plots_dir: plots
    outs:
    - path: plots/corrupted_demo.png
      md5: 1acc767ff7fa22f5ad7610fa65eefa6f
      size: 55922
    - path: plots/demo_feature_score.png
      md5: c3d1c0c39f13f61acb28940b8d21882a
      size: 35806
